
Microsoft Visual Studio Solution File, Format Version 12.00
# Visual Studio Version 17
VisualStudioVersion = 17.0.32112.339
MinimumVisualStudioVersion = 10.0.40219.1
Project("{2150E333-8FDC-42A3-9474-1A3956D46DE8}") = "Application", "Application", "{8239FBB0-A091-464A-979B-C5EF990E8CB9}"
EndProject
Project("{2150E333-8FDC-42A3-9474-1A3956D46DE8}") = "Domain", "Domain", "{400C89BA-1444-49E1-9ED1-134D970D1566}"
EndProject
Project("{2150E333-8FDC-42A3-9474-1A3956D46DE8}") = "Service", "Service", "{A8CA0ED4-0314-41D7-BCB7-641FDD071690}"
EndProject
Project("{2150E333-8FDC-42A3-9474-1A3956D46DE8}") = "Infra", "Infra", "{EB0DE7A8-57F5-4720-84B8-1F313BE1E8B7}"
EndProject
Project("{2150E333-8FDC-42A3-9474-1A3956D46DE8}") = "Data", "Data", "{623481FA-DDDA-42F1-B02A-FE2399B5701F}"
EndProject
Project("{2150E333-8FDC-42A3-9474-1A3956D46DE8}") = "CrossCutting", "CrossCutting", "{35BC3FC3-1625-4348-99DE-9AF9DF3BF985}"
EndProject
Project("{FAE04EC0-301F-11D3-BF4B-00C04F79EFBC}") = "Application", "Application\Application.csproj", "{DAE9C252-C828-42F2-8800-E28B5A76C2AB}"
EndProject
Project("{FAE04EC0-301F-11D3-BF4B-00C04F79EFBC}") = "Domain", "Domain\Domain.csproj", "{4E4331D7-4645-4773-9194-84A2B5EE3FE8}"
EndProject
Project("{FAE04EC0-301F-11D3-BF4B-00C04F79EFBC}") = "Service", "Service\Service.csproj", "{212FDF05-F01C-4FB7-AF16-DB7D3032EE5A}"
EndProject
Project("{FAE04EC0-301F-11D3-BF4B-00C04F79EFBC}") = "Infra.CrossCutting", "Infra.CrossCutting\Infra.CrossCutting.csproj", "{199E5D5F-2F65-46C7-82CE-0E4217665318}"
EndProject
Project("{FAE04EC0-301F-11D3-BF4B-00C04F79EFBC}") = "Infra.Data", "Infra.Data\Infra.Data.csproj", "{5F75F1EE-8025-4E9C-85FA-2DC4793E9E8E}"
EndProject
Global
	GlobalSection(SolutionConfigurationPlatforms) = preSolution
		Debug|Any CPU = Debug|Any CPU
		Release|Any CPU = Release|Any CPU
	EndGlobalSection
	GlobalSection(ProjectConfigurationPlatforms) = postSolution
		{DAE9C252-C828-42F2-8800-E28B5A76C2AB}.Debug|Any CPU.ActiveCfg = Debug|Any CPU
		{DAE9C252-C828-42F2-8800-E28B5A76C2AB}.Debug|Any CPU.Build.0 = Debug|Any CPU
		{DAE9C252-C828-42F2-8800-E28B5A76C2AB}.Release|Any CPU.ActiveCfg = Release|Any CPU
		{DAE9C252-C828-42F2-8800-E28B5A76C2AB}.Release|Any CPU.Build.0 = Release|Any CPU
		{4E4331D7-4645-4773-9194-84A2B5EE3FE8}.Debug|Any CPU.ActiveCfg = Debug|Any CPU
		{4E4331D7-4645-4773-9194-84A2B5EE3FE8}.Debug|Any CPU.Build.0 = Debug|Any CPU
		{4E4331D7-4645-4773-9194-84A2B5EE3FE8}.Release|Any CPU.ActiveCfg = Release|Any CPU
		{4E4331D7-4645-4773-9194-84A2B5EE3FE8}.Release|Any CPU.Build.0 = Release|Any CPU
		{212FDF05-F01C-4FB7-AF16-DB7D3032EE5A}.Debug|Any CPU.ActiveCfg = Debug|Any CPU
		{212FDF05-F01C-4FB7-AF16-DB7D3032EE5A}.Debug|Any CPU.Build.0 = Debug|Any CPU
		{212FDF05-F01C-4FB7-AF16-DB7D3032EE5A}.Release|Any CPU.ActiveCfg = Release|Any CPU
		{212FDF05-F01C-4FB7-AF16-DB7D3032EE5A}.Release|Any CPU.Build.0 = Release|Any CPU
		{199E5D5F-2F65-46C7-82CE-0E4217665318}.Debug|Any CPU.ActiveCfg = Debug|Any CPU
		{199E5D5F-2F65-46C7-82CE-0E4217665318}.Debug|Any CPU.Build.0 = Debug|Any CPU
		{199E5D5F-2F65-46C7-82CE-0E4217665318}.Release|Any CPU.ActiveCfg = Release|Any CPU
		{199E5D5F-2F65-46C7-82CE-0E4217665318}.Release|Any CPU.Build.0 = Release|Any CPU
		{5F75F1EE-8025-4E9C-85FA-2DC4793E9E8E}.Debug|Any CPU.ActiveCfg = Debug|Any CPU
		{5F75F1EE-8025-4E9C-85FA-2DC4793E9E8E}.Debug|Any CPU.Build.0 = Debug|Any CPU
		{5F75F1EE-8025-4E9C-85FA-2DC4793E9E8E}.Release|Any CPU.ActiveCfg = Release|Any CPU
		{5F75F1EE-8025-4E9C-85FA-2DC4793E9E8E}.Release|Any CPU.Build.0 = Release|Any CPU
	EndGlobalSection
	GlobalSection(SolutionProperties) = preSolution
		HideSolutionNode = FALSE
	EndGlobalSection
	GlobalSection(NestedProjects) = preSolution
		{623481FA-DDDA-42F1-B02A-FE2399B5701F} = {EB0DE7A8-57F5-4720-84B8-1F313BE1E8B7}
		{35BC3FC3-1625-4348-99DE-9AF9DF3BF985} = {EB0DE7A8-57F5-4720-84B8-1F313BE1E8B7}
		{DAE9C252-C828-42F2-8800-E28B5A76C2AB} = {8239FBB0-A091-464A-979B-C5EF990E8CB9}
		{4E4331D7-4645-4773-9194-84A2B5EE3FE8} = {400C89BA-1444-49E1-9ED1-134D970D1566}
		{212FDF05-F01C-4FB7-AF16-DB7D3032EE5A} = {A8CA0ED4-0314-41D7-BCB7-641FDD071690}
		{199E5D5F-2F65-46C7-82CE-0E4217665318} = {35BC3FC3-1625-4348-99DE-9AF9DF3BF985}
		{5F75F1EE-8025-4E9C-85FA-2DC4793E9E8E} = {623481FA-DDDA-42F1-B02A-FE2399B5701F}
	EndGlobalSection
	GlobalSection(ExtensibilityGlobals) = postSolution
		SolutionGuid = {C47A175D-A4EE-4141-918F-148885FF8CEF}
	EndGlobalSection
EndGlobal
